
Microsoft Visual Studio Solution File, Format Version 12.00
# Visual Studio Version 16
VisualStudioVersion = 16.0.31624.102
MinimumVisualStudioVersion = 10.0.40219.1
Project("{FAE04EC0-301F-11D3-BF4B-00C04F79EFBC}") = "QLQuanAnForm", "QLQuanAnForm\QLQuanAnForm.csproj", "{65C6420D-5016-43B3-B906-E91B8500022C}"
EndProject
Project("{FAE04EC0-301F-11D3-BF4B-00C04F79EFBC}") = "DAL", "DAL\DAL.csproj", "{6D866136-A2A3-47E2-B5DD-D2A82BDA5B0C}"
EndProject
Project("{FAE04EC0-301F-11D3-BF4B-00C04F79EFBC}") = "BLL", "BLL\BLL.csproj", "{4C1B4CF7-1603-4074-8438-A9F947D9B373}"
EndProject
Global
	GlobalSection(SolutionConfigurationPlatforms) = preSolution
		Debug|Any CPU = Debug|Any CPU
		Release|Any CPU = Release|Any CPU
	EndGlobalSection
	GlobalSection(ProjectConfigurationPlatforms) = postSolution
		{65C6420D-5016-43B3-B906-E91B8500022C}.Debug|Any CPU.ActiveCfg = Debug|Any CPU
		{65C6420D-5016-43B3-B906-E91B8500022C}.Debug|Any CPU.Build.0 = Debug|Any CPU
		{65C6420D-5016-43B3-B906-E91B8500022C}.Release|Any CPU.ActiveCfg = Release|Any CPU
		{65C6420D-5016-43B3-B906-E91B8500022C}.Release|Any CPU.Build.0 = Release|Any CPU
		{6D866136-A2A3-47E2-B5DD-D2A82BDA5B0C}.Debug|Any CPU.ActiveCfg = Debug|Any CPU
		{6D866136-A2A3-47E2-B5DD-D2A82BDA5B0C}.Debug|Any CPU.Build.0 = Debug|Any CPU
		{6D866136-A2A3-47E2-B5DD-D2A82BDA5B0C}.Release|Any CPU.ActiveCfg = Release|Any CPU
		{6D866136-A2A3-47E2-B5DD-D2A82BDA5B0C}.Release|Any CPU.Build.0 = Release|Any CPU
		{4C1B4CF7-1603-4074-8438-A9F947D9B373}.Debug|Any CPU.ActiveCfg = Debug|Any CPU
		{4C1B4CF7-1603-4074-8438-A9F947D9B373}.Debug|Any CPU.Build.0 = Debug|Any CPU
		{4C1B4CF7-1603-4074-8438-A9F947D9B373}.Release|Any CPU.ActiveCfg = Release|Any CPU
		{4C1B4CF7-1603-4074-8438-A9F947D9B373}.Release|Any CPU.Build.0 = Release|Any CPU
	EndGlobalSection
	GlobalSection(SolutionProperties) = preSolution
		HideSolutionNode = FALSE
	EndGlobalSection
	GlobalSection(ExtensibilityGlobals) = postSolution
		SolutionGuid = {FF07CB6B-2444-492A-BBF1-42C3848701AD}
	EndGlobalSection
EndGlobal
