
Microsoft Visual Studio Solution File, Format Version 12.00
# Visual Studio Version 16
VisualStudioVersion = 16.0.31624.102
MinimumVisualStudioVersion = 10.0.40219.1
Project("{FAE04EC0-301F-11D3-BF4B-00C04F79EFBC}") = "QLCHFastFood", "QLCHFastFood\QLCHFastFood.csproj", "{30CA929A-755C-4CB9-80ED-7DF164B2A5C9}"
EndProject
Project("{FAE04EC0-301F-11D3-BF4B-00C04F79EFBC}") = "DAL", "DAL\DAL.csproj", "{5A413062-EB47-4AB5-835C-36A4F17136FF}"
EndProject
Project("{FAE04EC0-301F-11D3-BF4B-00C04F79EFBC}") = "BLL", "BLL\BLL.csproj", "{C8A1120C-0CE1-48E7-A27E-2F1CF1D3D815}"
EndProject
Global
	GlobalSection(SolutionConfigurationPlatforms) = preSolution
		Debug|Any CPU = Debug|Any CPU
		Release|Any CPU = Release|Any CPU
	EndGlobalSection
	GlobalSection(ProjectConfigurationPlatforms) = postSolution
		{30CA929A-755C-4CB9-80ED-7DF164B2A5C9}.Debug|Any CPU.ActiveCfg = Debug|Any CPU
		{30CA929A-755C-4CB9-80ED-7DF164B2A5C9}.Debug|Any CPU.Build.0 = Debug|Any CPU
		{30CA929A-755C-4CB9-80ED-7DF164B2A5C9}.Release|Any CPU.ActiveCfg = Release|Any CPU
		{30CA929A-755C-4CB9-80ED-7DF164B2A5C9}.Release|Any CPU.Build.0 = Release|Any CPU
		{5A413062-EB47-4AB5-835C-36A4F17136FF}.Debug|Any CPU.ActiveCfg = Debug|Any CPU
		{5A413062-EB47-4AB5-835C-36A4F17136FF}.Debug|Any CPU.Build.0 = Debug|Any CPU
		{5A413062-EB47-4AB5-835C-36A4F17136FF}.Release|Any CPU.ActiveCfg = Release|Any CPU
		{5A413062-EB47-4AB5-835C-36A4F17136FF}.Release|Any CPU.Build.0 = Release|Any CPU
		{C8A1120C-0CE1-48E7-A27E-2F1CF1D3D815}.Debug|Any CPU.ActiveCfg = Debug|Any CPU
		{C8A1120C-0CE1-48E7-A27E-2F1CF1D3D815}.Debug|Any CPU.Build.0 = Debug|Any CPU
		{C8A1120C-0CE1-48E7-A27E-2F1CF1D3D815}.Release|Any CPU.ActiveCfg = Release|Any CPU
		{C8A1120C-0CE1-48E7-A27E-2F1CF1D3D815}.Release|Any CPU.Build.0 = Release|Any CPU
	EndGlobalSection
	GlobalSection(SolutionProperties) = preSolution
		HideSolutionNode = FALSE
	EndGlobalSection
	GlobalSection(ExtensibilityGlobals) = postSolution
		SolutionGuid = {C6CECEBD-C4EB-464E-B582-25A8CEF1503A}
	EndGlobalSection
EndGlobal
